
Microsoft Visual Studio Solution File, Format Version 12.00
# Visual Studio Version 17
VisualStudioVersion = 17.8.34330.188
MinimumVisualStudioVersion = 10.0.40219.1
Project("{FAE04EC0-301F-11D3-BF4B-00C04F79EFBC}") = "EmployeeManagementSystem", "EmployeeManagementSystem.csproj", "{693CF198-8911-4D7E-8F62-26BA476E5839}"
EndProject
Global
	GlobalSection(SolutionConfigurationPlatforms) = preSolution
		Debug|Any CPU = Debug|Any CPU
		Release|Any CPU = Release|Any CPU
	EndGlobalSection
	GlobalSection(ProjectConfigurationPlatforms) = postSolution
		{693CF198-8911-4D7E-8F62-26BA476E5839}.Debug|Any CPU.ActiveCfg = Debug|Any CPU
		{693CF198-8911-4D7E-8F62-26BA476E5839}.Debug|Any CPU.Build.0 = Debug|Any CPU
		{693CF198-8911-4D7E-8F62-26BA476E5839}.Release|Any CPU.ActiveCfg = Release|Any CPU
		{693CF198-8911-4D7E-8F62-26BA476E5839}.Release|Any CPU.Build.0 = Release|Any CPU
	EndGlobalSection
	GlobalSection(SolutionProperties) = preSolution
		HideSolutionNode = FALSE
	EndGlobalSection
	GlobalSection(ExtensibilityGlobals) = postSolution
		SolutionGuid = {1A7D1000-C5D7-41FF-AAC9-15730AC8891A}
	EndGlobalSection
EndGlobal
